// !$*UTF8*$!
{
	archiveVersion = 1;
	classes = {
	};
	objectVersion = 50;
	objects = {

/* Begin PBXBuildFile section */
		96D219DDFD9657EAEABDB5DC /* Pods_BreakPoint.framework in Frameworks */ = {isa = PBXBuildFile; fileRef = C8C82B0A968128547969B61F /* Pods_BreakPoint.framework */; };
		F9217BD521490B7E0021CF67 /* GoogleService-Info.plist in Resources */ = {isa = PBXBuildFile; fileRef = F9217BD421490B7E0021CF67 /* GoogleService-Info.plist */; };
		F92D90CB215264B6004E1B32 /* CreateGroupVC.swift in Sources */ = {isa = PBXBuildFile; fileRef = F92D90CA215264B6004E1B32 /* CreateGroupVC.swift */; };
		F92D90CD2152696C004E1B32 /* UserTableViewCell.swift in Sources */ = {isa = PBXBuildFile; fileRef = F92D90CC2152696C004E1B32 /* UserTableViewCell.swift */; };
		F92D90CF2152AAD2004E1B32 /* GroupTableViewCell.swift in Sources */ = {isa = PBXBuildFile; fileRef = F92D90CE2152AAD2004E1B32 /* GroupTableViewCell.swift */; };
		F92D90D12152AF0E004E1B32 /* Group.swift in Sources */ = {isa = PBXBuildFile; fileRef = F92D90D02152AF0E004E1B32 /* Group.swift */; };
		F99250D12148F23200D3E432 /* AppDelegate.swift in Sources */ = {isa = PBXBuildFile; fileRef = F99250D02148F23200D3E432 /* AppDelegate.swift */; };
		F99250D32148F23200D3E432 /* FeedVC.swift in Sources */ = {isa = PBXBuildFile; fileRef = F99250D22148F23200D3E432 /* FeedVC.swift */; };
		F99250D52148F23200D3E432 /* GroupsVC.swift in Sources */ = {isa = PBXBuildFile; fileRef = F99250D42148F23200D3E432 /* GroupsVC.swift */; };
		F99250D82148F23200D3E432 /* Main.storyboard in Resources */ = {isa = PBXBuildFile; fileRef = F99250D62148F23200D3E432 /* Main.storyboard */; };
		F99250DA2148F23700D3E432 /* Assets.xcassets in Resources */ = {isa = PBXBuildFile; fileRef = F99250D92148F23700D3E432 /* Assets.xcassets */; };
		F99250DD2148F23700D3E432 /* LaunchScreen.storyboard in Resources */ = {isa = PBXBuildFile; fileRef = F99250DB2148F23700D3E432 /* LaunchScreen.storyboard */; };
		F99F8C5E214FA5AF007BFAF4 /* CreatePostVC.swift in Sources */ = {isa = PBXBuildFile; fileRef = F99F8C5D214FA5AF007BFAF4 /* CreatePostVC.swift */; };
		F99F8C60214FA9D4007BFAF4 /* UIViewExt.swift in Sources */ = {isa = PBXBuildFile; fileRef = F99F8C5F214FA9D4007BFAF4 /* UIViewExt.swift */; };
		F99F8C62214FB9F0007BFAF4 /* FeedTableViewCell.swift in Sources */ = {isa = PBXBuildFile; fileRef = F99F8C61214FB9F0007BFAF4 /* FeedTableViewCell.swift */; };
		F99F8C64214FBB25007BFAF4 /* Message.swift in Sources */ = {isa = PBXBuildFile; fileRef = F99F8C63214FBB25007BFAF4 /* Message.swift */; };
		F9B2F8C6214910A500E4FC6D /* DataService.swift in Sources */ = {isa = PBXBuildFile; fileRef = F9B2F8C5214910A500E4FC6D /* DataService.swift */; };
		F9B2F8C8214930A600E4FC6D /* AuthVC.swift in Sources */ = {isa = PBXBuildFile; fileRef = F9B2F8C7214930A600E4FC6D /* AuthVC.swift */; };
		F9B2F8CA214930E200E4FC6D /* LoginVC.swift in Sources */ = {isa = PBXBuildFile; fileRef = F9B2F8C9214930E200E4FC6D /* LoginVC.swift */; };
		F9B2F8CC2149313600E4FC6D /* InsetTextField.swift in Sources */ = {isa = PBXBuildFile; fileRef = F9B2F8CB2149313600E4FC6D /* InsetTextField.swift */; };
		F9B2F8CE214934EE00E4FC6D /* ShadowView.swift in Sources */ = {isa = PBXBuildFile; fileRef = F9B2F8CD214934EE00E4FC6D /* ShadowView.swift */; };
		F9B2F8D0214948A800E4FC6D /* AuthService.swift in Sources */ = {isa = PBXBuildFile; fileRef = F9B2F8CF214948A800E4FC6D /* AuthService.swift */; };
		F9B2F8D22149658500E4FC6D /* MeVC.swift in Sources */ = {isa = PBXBuildFile; fileRef = F9B2F8D12149658500E4FC6D /* MeVC.swift */; };
/* End PBXBuildFile section */

/* Begin PBXFileReference section */
		176AEBF4A6A44A5AF2D0FBEE /* Pods-BreakPoint.release.xcconfig */ = {isa = PBXFileReference; includeInIndex = 1; lastKnownFileType = text.xcconfig; name = "Pods-BreakPoint.release.xcconfig"; path = "Pods/Target Support Files/Pods-BreakPoint/Pods-BreakPoint.release.xcconfig"; sourceTree = "<group>"; };
		C8C82B0A968128547969B61F /* Pods_BreakPoint.framework */ = {isa = PBXFileReference; explicitFileType = wrapper.framework; includeInIndex = 0; path = Pods_BreakPoint.framework; sourceTree = BUILT_PRODUCTS_DIR; };
		EB447B65C0AB79AFBD3522D1 /* Pods-BreakPoint.debug.xcconfig */ = {isa = PBXFileReference; includeInIndex = 1; lastKnownFileType = text.xcconfig; name = "Pods-BreakPoint.debug.xcconfig"; path = "Pods/Target Support Files/Pods-BreakPoint/Pods-BreakPoint.debug.xcconfig"; sourceTree = "<group>"; };
		F9217BD421490B7E0021CF67 /* GoogleService-Info.plist */ = {isa = PBXFileReference; fileEncoding = 4; lastKnownFileType = text.plist.xml; path = "GoogleService-Info.plist"; sourceTree = "<group>"; };
		F92D90CA215264B6004E1B32 /* CreateGroupVC.swift */ = {isa = PBXFileReference; lastKnownFileType = sourcecode.swift; path = CreateGroupVC.swift; sourceTree = "<group>"; };
		F92D90CC2152696C004E1B32 /* UserTableViewCell.swift */ = {isa = PBXFileReference; lastKnownFileType = sourcecode.swift; path = UserTableViewCell.swift; sourceTree = "<group>"; };
		F92D90CE2152AAD2004E1B32 /* GroupTableViewCell.swift */ = {isa = PBXFileReference; lastKnownFileType = sourcecode.swift; path = GroupTableViewCell.swift; sourceTree = "<group>"; };
		F92D90D02152AF0E004E1B32 /* Group.swift */ = {isa = PBXFileReference; lastKnownFileType = sourcecode.swift; path = Group.swift; sourceTree = "<group>"; };
		F99250CD2148F23200D3E432 /* BreakPoint.app */ = {isa = PBXFileReference; explicitFileType = wrapper.application; includeInIndex = 0; path = BreakPoint.app; sourceTree = BUILT_PRODUCTS_DIR; };
		F99250D02148F23200D3E432 /* AppDelegate.swift */ = {isa = PBXFileReference; lastKnownFileType = sourcecode.swift; path = AppDelegate.swift; sourceTree = "<group>"; };
		F99250D22148F23200D3E432 /* FeedVC.swift */ = {isa = PBXFileReference; lastKnownFileType = sourcecode.swift; path = FeedVC.swift; sourceTree = "<group>"; };
		F99250D42148F23200D3E432 /* GroupsVC.swift */ = {isa = PBXFileReference; lastKnownFileType = sourcecode.swift; path = GroupsVC.swift; sourceTree = "<group>"; };
		F99250D72148F23200D3E432 /* Base */ = {isa = PBXFileReference; lastKnownFileType = file.storyboard; name = Base; path = Base.lproj/Main.storyboard; sourceTree = "<group>"; };
		F99250D92148F23700D3E432 /* Assets.xcassets */ = {isa = PBXFileReference; lastKnownFileType = folder.assetcatalog; path = Assets.xcassets; sourceTree = "<group>"; };
		F99250DC2148F23700D3E432 /* Base */ = {isa = PBXFileReference; lastKnownFileType = file.storyboard; name = Base; path = Base.lproj/LaunchScreen.storyboard; sourceTree = "<group>"; };
		F99250DE2148F23700D3E432 /* Info.plist */ = {isa = PBXFileReference; lastKnownFileType = text.plist.xml; path = Info.plist; sourceTree = "<group>"; };
		F99F8C5D214FA5AF007BFAF4 /* CreatePostVC.swift */ = {isa = PBXFileReference; lastKnownFileType = sourcecode.swift; path = CreatePostVC.swift; sourceTree = "<group>"; };
		F99F8C5F214FA9D4007BFAF4 /* UIViewExt.swift */ = {isa = PBXFileReference; fileEncoding = 4; lastKnownFileType = sourcecode.swift; path = UIViewExt.swift; sourceTree = "<group>"; };
		F99F8C61214FB9F0007BFAF4 /* FeedTableViewCell.swift */ = {isa = PBXFileReference; lastKnownFileType = sourcecode.swift; path = FeedTableViewCell.swift; sourceTree = "<group>"; };
		F99F8C63214FBB25007BFAF4 /* Message.swift */ = {isa = PBXFileReference; lastKnownFileType = sourcecode.swift; path = Message.swift; sourceTree = "<group>"; };
		F9B2F8C5214910A500E4FC6D /* DataService.swift */ = {isa = PBXFileReference; lastKnownFileType = sourcecode.swift; path = DataService.swift; sourceTree = "<group>"; };
		F9B2F8C7214930A600E4FC6D /* AuthVC.swift */ = {isa = PBXFileReference; lastKnownFileType = sourcecode.swift; path = AuthVC.swift; sourceTree = "<group>"; };
		F9B2F8C9214930E200E4FC6D /* LoginVC.swift */ = {isa = PBXFileReference; lastKnownFileType = sourcecode.swift; path = LoginVC.swift; sourceTree = "<group>"; };
		F9B2F8CB2149313600E4FC6D /* InsetTextField.swift */ = {isa = PBXFileReference; lastKnownFileType = sourcecode.swift; path = InsetTextField.swift; sourceTree = "<group>"; };
		F9B2F8CD214934EE00E4FC6D /* ShadowView.swift */ = {isa = PBXFileReference; lastKnownFileType = sourcecode.swift; path = ShadowView.swift; sourceTree = "<group>"; };
		F9B2F8CF214948A800E4FC6D /* AuthService.swift */ = {isa = PBXFileReference; lastKnownFileType = sourcecode.swift; path = AuthService.swift; sourceTree = "<group>"; };
		F9B2F8D12149658500E4FC6D /* MeVC.swift */ = {isa = PBXFileReference; lastKnownFileType = sourcecode.swift; path = MeVC.swift; sourceTree = "<group>"; };
/* End PBXFileReference section */

/* Begin PBXFrameworksBuildPhase section */
		F99250CA2148F23200D3E432 /* Frameworks */ = {
			isa = PBXFrameworksBuildPhase;
			buildActionMask = 2147483647;
			files = (
				96D219DDFD9657EAEABDB5DC /* Pods_BreakPoint.framework in Frameworks */,
			);
			runOnlyForDeploymentPostprocessing = 0;
		};
/* End PBXFrameworksBuildPhase section */

/* Begin PBXGroup section */
		395E0991960A93F3C20027A7 /* Frameworks */ = {
			isa = PBXGroup;
			children = (
				C8C82B0A968128547969B61F /* Pods_BreakPoint.framework */,
			);
			name = Frameworks;
			sourceTree = "<group>";
		};
		8D371D38B4719B514DE41A6D /* Pods */ = {
			isa = PBXGroup;
			children = (
				EB447B65C0AB79AFBD3522D1 /* Pods-BreakPoint.debug.xcconfig */,
				176AEBF4A6A44A5AF2D0FBEE /* Pods-BreakPoint.release.xcconfig */,
			);
			name = Pods;
			sourceTree = "<group>";
		};
		F9217BCF2148F5400021CF67 /* Controller */ = {
			isa = PBXGroup;
			children = (
				F9B2F8C7214930A600E4FC6D /* AuthVC.swift */,
				F9B2F8C9214930E200E4FC6D /* LoginVC.swift */,
				F99250D22148F23200D3E432 /* FeedVC.swift */,
				F99250D42148F23200D3E432 /* GroupsVC.swift */,
				F9B2F8D12149658500E4FC6D /* MeVC.swift */,
				F99F8C5D214FA5AF007BFAF4 /* CreatePostVC.swift */,
				F92D90CA215264B6004E1B32 /* CreateGroupVC.swift */,
			);
			path = Controller;
			sourceTree = "<group>";
		};
		F9217BD02148F54C0021CF67 /* View */ = {
			isa = PBXGroup;
			children = (
				F9B2F8CB2149313600E4FC6D /* InsetTextField.swift */,
				F9B2F8CD214934EE00E4FC6D /* ShadowView.swift */,
				F99F8C61214FB9F0007BFAF4 /* FeedTableViewCell.swift */,
				F92D90CC2152696C004E1B32 /* UserTableViewCell.swift */,
				F92D90CE2152AAD2004E1B32 /* GroupTableViewCell.swift */,
			);
			path = View;
			sourceTree = "<group>";
		};
		F9217BD12148F5520021CF67 /* Model */ = {
			isa = PBXGroup;
			children = (
				F99F8C63214FBB25007BFAF4 /* Message.swift */,
				F92D90D02152AF0E004E1B32 /* Group.swift */,
			);
			path = Model;
			sourceTree = "<group>";
		};
		F9217BD22148F55C0021CF67 /* Extensions */ = {
			isa = PBXGroup;
			children = (
				F99F8C5F214FA9D4007BFAF4 /* UIViewExt.swift */,
			);
			path = Extensions;
			sourceTree = "<group>";
		};
		F9217BD32148F5870021CF67 /* Services */ = {
			isa = PBXGroup;
			children = (
				F9B2F8C5214910A500E4FC6D /* DataService.swift */,
				F9B2F8CF214948A800E4FC6D /* AuthService.swift */,
			);
			path = Services;
			sourceTree = "<group>";
		};
		F99250C42148F23200D3E432 = {
			isa = PBXGroup;
			children = (
				F99250CF2148F23200D3E432 /* BreakPoint */,
				F99250CE2148F23200D3E432 /* Products */,
				8D371D38B4719B514DE41A6D /* Pods */,
				395E0991960A93F3C20027A7 /* Frameworks */,
			);
			sourceTree = "<group>";
		};
		F99250CE2148F23200D3E432 /* Products */ = {
			isa = PBXGroup;
			children = (
				F99250CD2148F23200D3E432 /* BreakPoint.app */,
			);
			name = Products;
			sourceTree = "<group>";
		};
		F99250CF2148F23200D3E432 /* BreakPoint */ = {
			isa = PBXGroup;
			children = (
				F9217BD32148F5870021CF67 /* Services */,
				F9217BD22148F55C0021CF67 /* Extensions */,
				F9217BD12148F5520021CF67 /* Model */,
				F9217BD02148F54C0021CF67 /* View */,
				F9217BCF2148F5400021CF67 /* Controller */,
				F99250D02148F23200D3E432 /* AppDelegate.swift */,
				F99250D62148F23200D3E432 /* Main.storyboard */,
				F99250D92148F23700D3E432 /* Assets.xcassets */,
				F99250DB2148F23700D3E432 /* LaunchScreen.storyboard */,
				F99250DE2148F23700D3E432 /* Info.plist */,
				F9217BD421490B7E0021CF67 /* GoogleService-Info.plist */,
			);
			path = BreakPoint;
			sourceTree = "<group>";
		};
/* End PBXGroup section */

/* Begin PBXNativeTarget section */
		F99250CC2148F23200D3E432 /* BreakPoint */ = {
			isa = PBXNativeTarget;
			buildConfigurationList = F99250E12148F23700D3E432 /* Build configuration list for PBXNativeTarget "BreakPoint" */;
			buildPhases = (
				7DC2136E5A7C986612506E74 /* [CP] Check Pods Manifest.lock */,
				F99250C92148F23200D3E432 /* Sources */,
				F99250CA2148F23200D3E432 /* Frameworks */,
				F99250CB2148F23200D3E432 /* Resources */,
				7F1180D8192C9E366DA7BBAB /* [CP] Embed Pods Frameworks */,
			);
			buildRules = (
			);
			dependencies = (
			);
			name = BreakPoint;
			productName = BreakPoint;
			productReference = F99250CD2148F23200D3E432 /* BreakPoint.app */;
			productType = "com.apple.product-type.application";
		};
/* End PBXNativeTarget section */

/* Begin PBXProject section */
		F99250C52148F23200D3E432 /* Project object */ = {
			isa = PBXProject;
			attributes = {
				LastSwiftUpdateCheck = 1000;
				LastUpgradeCheck = 1000;
				ORGANIZATIONNAME = DokeR;
				TargetAttributes = {
					F99250CC2148F23200D3E432 = {
						CreatedOnToolsVersion = 10.0;
					};
				};
			};
			buildConfigurationList = F99250C82148F23200D3E432 /* Build configuration list for PBXProject "BreakPoint" */;
			compatibilityVersion = "Xcode 9.3";
			developmentRegion = en;
			hasScannedForEncodings = 0;
			knownRegions = (
				en,
				Base,
			);
			mainGroup = F99250C42148F23200D3E432;
			productRefGroup = F99250CE2148F23200D3E432 /* Products */;
			projectDirPath = "";
			projectRoot = "";
			targets = (
				F99250CC2148F23200D3E432 /* BreakPoint */,
			);
		};
/* End PBXProject section */

/* Begin PBXResourcesBuildPhase section */
		F99250CB2148F23200D3E432 /* Resources */ = {
			isa = PBXResourcesBuildPhase;
			buildActionMask = 2147483647;
			files = (
				F99250DD2148F23700D3E432 /* LaunchScreen.storyboard in Resources */,
				F9217BD521490B7E0021CF67 /* GoogleService-Info.plist in Resources */,
				F99250DA2148F23700D3E432 /* Assets.xcassets in Resources */,
				F99250D82148F23200D3E432 /* Main.storyboard in Resources */,
			);
			runOnlyForDeploymentPostprocessing = 0;
		};
/* End PBXResourcesBuildPhase section */

/* Begin PBXShellScriptBuildPhase section */
		7DC2136E5A7C986612506E74 /* [CP] Check Pods Manifest.lock */ = {
			isa = PBXShellScriptBuildPhase;
			buildActionMask = 2147483647;
			files = (
			);
			inputPaths = (
				"${PODS_PODFILE_DIR_PATH}/Podfile.lock",
				"${PODS_ROOT}/Manifest.lock",
			);
			name = "[CP] Check Pods Manifest.lock";
			outputPaths = (
				"$(DERIVED_FILE_DIR)/Pods-BreakPoint-checkManifestLockResult.txt",
			);
			runOnlyForDeploymentPostprocessing = 0;
			shellPath = /bin/sh;
			shellScript = "diff \"${PODS_PODFILE_DIR_PATH}/Podfile.lock\" \"${PODS_ROOT}/Manifest.lock\" > /dev/null\nif [ $? != 0 ] ; then\n    # print error to STDERR\n    echo \"error: The sandbox is not in sync with the Podfile.lock. Run 'pod install' or update your CocoaPods installation.\" >&2\n    exit 1\nfi\n# This output is used by Xcode 'outputs' to avoid re-running this script phase.\necho \"SUCCESS\" > \"${SCRIPT_OUTPUT_FILE_0}\"\n";
			showEnvVarsInLog = 0;
		};
		7F1180D8192C9E366DA7BBAB /* [CP] Embed Pods Frameworks */ = {
			isa = PBXShellScriptBuildPhase;
			buildActionMask = 2147483647;
			files = (
			);
			inputPaths = (
				"${SRCROOT}/Pods/Target Support Files/Pods-BreakPoint/Pods-BreakPoint-frameworks.sh",
				"${BUILT_PRODUCTS_DIR}/GTMSessionFetcher/GTMSessionFetcher.framework",
				"${BUILT_PRODUCTS_DIR}/GoogleToolboxForMac/GoogleToolboxForMac.framework",
				"${BUILT_PRODUCTS_DIR}/leveldb-library/leveldb.framework",
				"${BUILT_PRODUCTS_DIR}/nanopb/nanopb.framework",
			);
			name = "[CP] Embed Pods Frameworks";
			outputPaths = (
				"${TARGET_BUILD_DIR}/${FRAMEWORKS_FOLDER_PATH}/GTMSessionFetcher.framework",
				"${TARGET_BUILD_DIR}/${FRAMEWORKS_FOLDER_PATH}/GoogleToolboxForMac.framework",
				"${TARGET_BUILD_DIR}/${FRAMEWORKS_FOLDER_PATH}/leveldb.framework",
				"${TARGET_BUILD_DIR}/${FRAMEWORKS_FOLDER_PATH}/nanopb.framework",
			);
			runOnlyForDeploymentPostprocessing = 0;
			shellPath = /bin/sh;
			shellScript = "\"${SRCROOT}/Pods/Target Support Files/Pods-BreakPoint/Pods-BreakPoint-frameworks.sh\"\n";
			showEnvVarsInLog = 0;
		};
/* End PBXShellScriptBuildPhase section */

/* Begin PBXSourcesBuildPhase section */
		F99250C92148F23200D3E432 /* Sources */ = {
			isa = PBXSourcesBuildPhase;
			buildActionMask = 2147483647;
			files = (
				F99F8C60214FA9D4007BFAF4 /* UIViewExt.swift in Sources */,
				F92D90CF2152AAD2004E1B32 /* GroupTableViewCell.swift in Sources */,
				F9B2F8D22149658500E4FC6D /* MeVC.swift in Sources */,
				F9B2F8C8214930A600E4FC6D /* AuthVC.swift in Sources */,
				F99250D52148F23200D3E432 /* GroupsVC.swift in Sources */,
				F92D90CD2152696C004E1B32 /* UserTableViewCell.swift in Sources */,
				F9B2F8CA214930E200E4FC6D /* LoginVC.swift in Sources */,
				F99F8C62214FB9F0007BFAF4 /* FeedTableViewCell.swift in Sources */,
				F9B2F8D0214948A800E4FC6D /* AuthService.swift in Sources */,
				F92D90D12152AF0E004E1B32 /* Group.swift in Sources */,
				F99250D12148F23200D3E432 /* AppDelegate.swift in Sources */,
				F92D90CB215264B6004E1B32 /* CreateGroupVC.swift in Sources */,
				F9B2F8CE214934EE00E4FC6D /* ShadowView.swift in Sources */,
				F99F8C5E214FA5AF007BFAF4 /* CreatePostVC.swift in Sources */,
				F99250D32148F23200D3E432 /* FeedVC.swift in Sources */,
				F9B2F8CC2149313600E4FC6D /* InsetTextField.swift in Sources */,
				F9B2F8C6214910A500E4FC6D /* DataService.swift in Sources */,
				F99F8C64214FBB25007BFAF4 /* Message.swift in Sources */,
			);
			runOnlyForDeploymentPostprocessing = 0;
		};
/* End PBXSourcesBuildPhase section */

/* Begin PBXVariantGroup section */
		F99250D62148F23200D3E432 /* Main.storyboard */ = {
			isa = PBXVariantGroup;
			children = (
				F99250D72148F23200D3E432 /* Base */,
			);
			name = Main.storyboard;
			sourceTree = "<group>";
		};
		F99250DB2148F23700D3E432 /* LaunchScreen.storyboard */ = {
			isa = PBXVariantGroup;
			children = (
				F99250DC2148F23700D3E432 /* Base */,
			);
			name = LaunchScreen.storyboard;
			sourceTree = "<group>";
		};
/* End PBXVariantGroup section */

/* Begin XCBuildConfiguration section */
		F99250DF2148F23700D3E432 /* Debug */ = {
			isa = XCBuildConfiguration;
			buildSettings = {
				ALWAYS_SEARCH_USER_PATHS = NO;
				CLANG_ANALYZER_NONNULL = YES;
				CLANG_ANALYZER_NUMBER_OBJECT_CONVERSION = YES_AGGRESSIVE;
				CLANG_CXX_LANGUAGE_STANDARD = "gnu++14";
				CLANG_CXX_LIBRARY = "libc++";
				CLANG_ENABLE_MODULES = YES;
				CLANG_ENABLE_OBJC_ARC = YES;
				CLANG_ENABLE_OBJC_WEAK = YES;
				CLANG_WARN_BLOCK_CAPTURE_AUTORELEASING = YES;
				CLANG_WARN_BOOL_CONVERSION = YES;
				CLANG_WARN_COMMA = YES;
				CLANG_WARN_CONSTANT_CONVERSION = YES;
				CLANG_WARN_DEPRECATED_OBJC_IMPLEMENTATIONS = YES;
				CLANG_WARN_DIRECT_OBJC_ISA_USAGE = YES_ERROR;
				CLANG_WARN_DOCUMENTATION_COMMENTS = YES;
				CLANG_WARN_EMPTY_BODY = YES;
				CLANG_WARN_ENUM_CONVERSION = YES;
				CLANG_WARN_INFINITE_RECURSION = YES;
				CLANG_WARN_INT_CONVERSION = YES;
				CLANG_WARN_NON_LITERAL_NULL_CONVERSION = YES;
				CLANG_WARN_OBJC_IMPLICIT_RETAIN_SELF = YES;
				CLANG_WARN_OBJC_LITERAL_CONVERSION = YES;
				CLANG_WARN_OBJC_ROOT_CLASS = YES_ERROR;
				CLANG_WARN_RANGE_LOOP_ANALYSIS = YES;
				CLANG_WARN_STRICT_PROTOTYPES = YES;
				CLANG_WARN_SUSPICIOUS_MOVE = YES;
				CLANG_WARN_UNGUARDED_AVAILABILITY = YES_AGGRESSIVE;
				CLANG_WARN_UNREACHABLE_CODE = YES;
				CLANG_WARN__DUPLICATE_METHOD_MATCH = YES;
				CODE_SIGN_IDENTITY = "iPhone Developer";
				COPY_PHASE_STRIP = NO;
				DEBUG_INFORMATION_FORMAT = dwarf;
				ENABLE_STRICT_OBJC_MSGSEND = YES;
				ENABLE_TESTABILITY = YES;
				GCC_C_LANGUAGE_STANDARD = gnu11;
				GCC_DYNAMIC_NO_PIC = NO;
				GCC_NO_COMMON_BLOCKS = YES;
				GCC_OPTIMIZATION_LEVEL = 0;
				GCC_PREPROCESSOR_DEFINITIONS = (
					"DEBUG=1",
					"$(inherited)",
				);
				GCC_WARN_64_TO_32_BIT_CONVERSION = YES;
				GCC_WARN_ABOUT_RETURN_TYPE = YES_ERROR;
				GCC_WARN_UNDECLARED_SELECTOR = YES;
				GCC_WARN_UNINITIALIZED_AUTOS = YES_AGGRESSIVE;
				GCC_WARN_UNUSED_FUNCTION = YES;
				GCC_WARN_UNUSED_VARIABLE = YES;
				IPHONEOS_DEPLOYMENT_TARGET = 12.0;
				MTL_ENABLE_DEBUG_INFO = INCLUDE_SOURCE;
				MTL_FAST_MATH = YES;
				ONLY_ACTIVE_ARCH = YES;
				SDKROOT = iphoneos;
				SWIFT_ACTIVE_COMPILATION_CONDITIONS = DEBUG;
				SWIFT_OPTIMIZATION_LEVEL = "-Onone";
			};
			name = Debug;
		};
		F99250E02148F23700D3E432 /* Release */ = {
			isa = XCBuildConfiguration;
			buildSettings = {
				ALWAYS_SEARCH_USER_PATHS = NO;
				CLANG_ANALYZER_NONNULL = YES;
				CLANG_ANALYZER_NUMBER_OBJECT_CONVERSION = YES_AGGRESSIVE;
				CLANG_CXX_LANGUAGE_STANDARD = "gnu++14";
				CLANG_CXX_LIBRARY = "libc++";
				CLANG_ENABLE_MODULES = YES;
				CLANG_ENABLE_OBJC_ARC = YES;
				CLANG_ENABLE_OBJC_WEAK = YES;
				CLANG_WARN_BLOCK_CAPTURE_AUTORELEASING = YES;
				CLANG_WARN_BOOL_CONVERSION = YES;
				CLANG_WARN_COMMA = YES;
				CLANG_WARN_CONSTANT_CONVERSION = YES;
				CLANG_WARN_DEPRECATED_OBJC_IMPLEMENTATIONS = YES;
				CLANG_WARN_DIRECT_OBJC_ISA_USAGE = YES_ERROR;
				CLANG_WARN_DOCUMENTATION_COMMENTS = YES;
				CLANG_WARN_EMPTY_BODY = YES;
				CLANG_WARN_ENUM_CONVERSION = YES;
				CLANG_WARN_INFINITE_RECURSION = YES;
				CLANG_WARN_INT_CONVERSION = YES;
				CLANG_WARN_NON_LITERAL_NULL_CONVERSION = YES;
				CLANG_WARN_OBJC_IMPLICIT_RETAIN_SELF = YES;
				CLANG_WARN_OBJC_LITERAL_CONVERSION = YES;
				CLANG_WARN_OBJC_ROOT_CLASS = YES_ERROR;
				CLANG_WARN_RANGE_LOOP_ANALYSIS = YES;
				CLANG_WARN_STRICT_PROTOTYPES = YES;
				CLANG_WARN_SUSPICIOUS_MOVE = YES;
				CLANG_WARN_UNGUARDED_AVAILABILITY = YES_AGGRESSIVE;
				CLANG_WARN_UNREACHABLE_CODE = YES;
				CLANG_WARN__DUPLICATE_METHOD_MATCH = YES;
				CODE_SIGN_IDENTITY = "iPhone Developer";
				COPY_PHASE_STRIP = NO;
				DEBUG_INFORMATION_FORMAT = "dwarf-with-dsym";
				ENABLE_NS_ASSERTIONS = NO;
				ENABLE_STRICT_OBJC_MSGSEND = YES;
				GCC_C_LANGUAGE_STANDARD = gnu11;
				GCC_NO_COMMON_BLOCKS = YES;
				GCC_WARN_64_TO_32_BIT_CONVERSION = YES;
				GCC_WARN_ABOUT_RETURN_TYPE = YES_ERROR;
				GCC_WARN_UNDECLARED_SELECTOR = YES;
				GCC_WARN_UNINITIALIZED_AUTOS = YES_AGGRESSIVE;
				GCC_WARN_UNUSED_FUNCTION = YES;
				GCC_WARN_UNUSED_VARIABLE = YES;
				IPHONEOS_DEPLOYMENT_TARGET = 12.0;
				MTL_ENABLE_DEBUG_INFO = NO;
				MTL_FAST_MATH = YES;
				SDKROOT = iphoneos;
				SWIFT_COMPILATION_MODE = wholemodule;
				SWIFT_OPTIMIZATION_LEVEL = "-O";
				VALIDATE_PRODUCT = YES;
			};
			name = Release;
		};
		F99250E22148F23700D3E432 /* Debug */ = {
			isa = XCBuildConfiguration;
			baseConfigurationReference = EB447B65C0AB79AFBD3522D1 /* Pods-BreakPoint.debug.xcconfig */;
			buildSettings = {
				ASSETCATALOG_COMPILER_APPICON_NAME = AppIcon;
				CODE_SIGN_STYLE = Automatic;
				DEVELOPMENT_TEAM = 2QD9NZV8MQ;
				INFOPLIST_FILE = BreakPoint/Info.plist;
				IPHONEOS_DEPLOYMENT_TARGET = 12.0;
				LD_RUNPATH_SEARCH_PATHS = (
					"$(inherited)",
					"@executable_path/Frameworks",
				);
				PRODUCT_BUNDLE_IDENTIFIER = com.gsd.BreakPoint;
				PRODUCT_NAME = "$(TARGET_NAME)";
				SWIFT_VERSION = 4.2;
				TARGETED_DEVICE_FAMILY = "1,2";
			};
			name = Debug;
		};
		F99250E32148F23700D3E432 /* Release */ = {
			isa = XCBuildConfiguration;
			baseConfigurationReference = 176AEBF4A6A44A5AF2D0FBEE /* Pods-BreakPoint.release.xcconfig */;
			buildSettings = {
				ASSETCATALOG_COMPILER_APPICON_NAME = AppIcon;
				CODE_SIGN_STYLE = Automatic;
				DEVELOPMENT_TEAM = 2QD9NZV8MQ;
				INFOPLIST_FILE = BreakPoint/Info.plist;
				IPHONEOS_DEPLOYMENT_TARGET = 12.0;
				LD_RUNPATH_SEARCH_PATHS = (
					"$(inherited)",
					"@executable_path/Frameworks",
				);
				PRODUCT_BUNDLE_IDENTIFIER = com.gsd.BreakPoint;
				PRODUCT_NAME = "$(TARGET_NAME)";
				SWIFT_VERSION = 4.2;
				TARGETED_DEVICE_FAMILY = "1,2";
			};
			name = Release;
		};
/* End XCBuildConfiguration section */

/* Begin XCConfigurationList section */
		F99250C82148F23200D3E432 /* Build configuration list for PBXProject "BreakPoint" */ = {
			isa = XCConfigurationList;
			buildConfigurations = (
				F99250DF2148F23700D3E432 /* Debug */,
				F99250E02148F23700D3E432 /* Release */,
			);
			defaultConfigurationIsVisible = 0;
			defaultConfigurationName = Release;
		};
		F99250E12148F23700D3E432 /* Build configuration list for PBXNativeTarget "BreakPoint" */ = {
			isa = XCConfigurationList;
			buildConfigurations = (
				F99250E22148F23700D3E432 /* Debug */,
				F99250E32148F23700D3E432 /* Release */,
			);
			defaultConfigurationIsVisible = 0;
			defaultConfigurationName = Release;
		};
/* End XCConfigurationList section */
	};
	rootObject = F99250C52148F23200D3E432 /* Project object */;
}
